
Microsoft Visual Studio Solution File, Format Version 12.00
# Visual Studio Version 17
VisualStudioVersion = 17.7.34031.279
MinimumVisualStudioVersion = 10.0.40219.1
Project("{FAE04EC0-301F-11D3-BF4B-00C04F79EFBC}") = "MyBlogProject", "MyBlogProject\MyBlogProject.csproj", "{64A95B1B-9176-4507-B4C5-2F29453B0C1B}"
EndProject
Global
	GlobalSection(SolutionConfigurationPlatforms) = preSolution
		Debug|Any CPU = Debug|Any CPU
		Release|Any CPU = Release|Any CPU
	EndGlobalSection
	GlobalSection(ProjectConfigurationPlatforms) = postSolution
		{64A95B1B-9176-4507-B4C5-2F29453B0C1B}.Debug|Any CPU.ActiveCfg = Debug|Any CPU
		{64A95B1B-9176-4507-B4C5-2F29453B0C1B}.Debug|Any CPU.Build.0 = Debug|Any CPU
		{64A95B1B-9176-4507-B4C5-2F29453B0C1B}.Release|Any CPU.ActiveCfg = Release|Any CPU
		{64A95B1B-9176-4507-B4C5-2F29453B0C1B}.Release|Any CPU.Build.0 = Release|Any CPU
	EndGlobalSection
	GlobalSection(SolutionProperties) = preSolution
		HideSolutionNode = FALSE
	EndGlobalSection
	GlobalSection(ExtensibilityGlobals) = postSolution
		SolutionGuid = {83614E5D-C48B-4D57-AEE2-2BC7FB7E28D5}
	EndGlobalSection
EndGlobal
